// !$*UTF8*$!
{
	archiveVersion = 1;
	classes = {
	};
	objectVersion = 50;
	objects = {

/* Begin PBXBuildFile section */
		00A4A79F213F55350091DE45 /* AppDelegate.swift in Sources */ = {isa = PBXBuildFile; fileRef = 00A4A79E213F55350091DE45 /* AppDelegate.swift */; };
		00A4A7A1213F55350091DE45 /* ViewController.swift in Sources */ = {isa = PBXBuildFile; fileRef = 00A4A7A0213F55350091DE45 /* ViewController.swift */; };
		00A4A7A4213F55350091DE45 /* Main.storyboard in Resources */ = {isa = PBXBuildFile; fileRef = 00A4A7A2213F55350091DE45 /* Main.storyboard */; };
		00A4A7A6213F55380091DE45 /* Assets.xcassets in Resources */ = {isa = PBXBuildFile; fileRef = 00A4A7A5213F55380091DE45 /* Assets.xcassets */; };
		00A4A7A9213F55380091DE45 /* LaunchScreen.storyboard in Resources */ = {isa = PBXBuildFile; fileRef = 00A4A7A7213F55380091DE45 /* LaunchScreen.storyboard */; };
		00A4A7B4213F55390091DE45 /* FlixTests.swift in Sources */ = {isa = PBXBuildFile; fileRef = 00A4A7B3213F55390091DE45 /* FlixTests.swift */; };
		00A4A7BF213F55390091DE45 /* FlixUITests.swift in Sources */ = {isa = PBXBuildFile; fileRef = 00A4A7BE213F55390091DE45 /* FlixUITests.swift */; };
/* End PBXBuildFile section */

/* Begin PBXContainerItemProxy section */
		00A4A7B0213F55390091DE45 /* PBXContainerItemProxy */ = {
			isa = PBXContainerItemProxy;
			containerPortal = 00A4A793213F55350091DE45 /* Project object */;
			proxyType = 1;
			remoteGlobalIDString = 00A4A79A213F55350091DE45;
			remoteInfo = Flix;
		};
		00A4A7BB213F55390091DE45 /* PBXContainerItemProxy */ = {
			isa = PBXContainerItemProxy;
			containerPortal = 00A4A793213F55350091DE45 /* Project object */;
			proxyType = 1;
			remoteGlobalIDString = 00A4A79A213F55350091DE45;
			remoteInfo = Flix;
		};
/* End PBXContainerItemProxy section */

/* Begin PBXFileReference section */
		00A4A79B213F55350091DE45 /* Flix.app */ = {isa = PBXFileReference; explicitFileType = wrapper.application; includeInIndex = 0; path = Flix.app; sourceTree = BUILT_PRODUCTS_DIR; };
		00A4A79E213F55350091DE45 /* AppDelegate.swift */ = {isa = PBXFileReference; lastKnownFileType = sourcecode.swift; path = AppDelegate.swift; sourceTree = "<group>"; };
		00A4A7A0213F55350091DE45 /* ViewController.swift */ = {isa = PBXFileReference; lastKnownFileType = sourcecode.swift; path = ViewController.swift; sourceTree = "<group>"; };
		00A4A7A3213F55350091DE45 /* Base */ = {isa = PBXFileReference; lastKnownFileType = file.storyboard; name = Base; path = Base.lproj/Main.storyboard; sourceTree = "<group>"; };
		00A4A7A5213F55380091DE45 /* Assets.xcassets */ = {isa = PBXFileReference; lastKnownFileType = folder.assetcatalog; path = Assets.xcassets; sourceTree = "<group>"; };
		00A4A7A8213F55380091DE45 /* Base */ = {isa = PBXFileReference; lastKnownFileType = file.storyboard; name = Base; path = Base.lproj/LaunchScreen.storyboard; sourceTree = "<group>"; };
		00A4A7AA213F55380091DE45 /* Info.plist */ = {isa = PBXFileReference; lastKnownFileType = text.plist.xml; path = Info.plist; sourceTree = "<group>"; };
		00A4A7AF213F55390091DE45 /* FlixTests.xctest */ = {isa = PBXFileReference; explicitFileType = wrapper.cfbundle; includeInIndex = 0; path = FlixTests.xctest; sourceTree = BUILT_PRODUCTS_DIR; };
		00A4A7B3213F55390091DE45 /* FlixTests.swift */ = {isa = PBXFileReference; lastKnownFileType = sourcecode.swift; path = FlixTests.swift; sourceTree = "<group>"; };
		00A4A7B5213F55390091DE45 /* Info.plist */ = {isa = PBXFileReference; lastKnownFileType = text.plist.xml; path = Info.plist; sourceTree = "<group>"; };
		00A4A7BA213F55390091DE45 /* FlixUITests.xctest */ = {isa = PBXFileReference; explicitFileType = wrapper.cfbundle; includeInIndex = 0; path = FlixUITests.xctest; sourceTree = BUILT_PRODUCTS_DIR; };
		00A4A7BE213F55390091DE45 /* FlixUITests.swift */ = {isa = PBXFileReference; lastKnownFileType = sourcecode.swift; path = FlixUITests.swift; sourceTree = "<group>"; };
		00A4A7C0213F55390091DE45 /* Info.plist */ = {isa = PBXFileReference; lastKnownFileType = text.plist.xml; path = Info.plist; sourceTree = "<group>"; };
/* End PBXFileReference section */

/* Begin PBXFrameworksBuildPhase section */
		00A4A798213F55350091DE45 /* Frameworks */ = {
			isa = PBXFrameworksBuildPhase;
			buildActionMask = 2147483647;
			files = (
			);
			runOnlyForDeploymentPostprocessing = 0;
		};
		00A4A7AC213F55390091DE45 /* Frameworks */ = {
			isa = PBXFrameworksBuildPhase;
			buildActionMask = 2147483647;
			files = (
			);
			runOnlyForDeploymentPostprocessing = 0;
		};
		00A4A7B7213F55390091DE45 /* Frameworks */ = {
			isa = PBXFrameworksBuildPhase;
			buildActionMask = 2147483647;
			files = (
			);
			runOnlyForDeploymentPostprocessing = 0;
		};
/* End PBXFrameworksBuildPhase section */

/* Begin PBXGroup section */
		00A4A792213F55350091DE45 = {
			isa = PBXGroup;
			children = (
				00A4A79D213F55350091DE45 /* Flix */,
				00A4A7B2213F55390091DE45 /* FlixTests */,
				00A4A7BD213F55390091DE45 /* FlixUITests */,
				00A4A79C213F55350091DE45 /* Products */,
			);
			sourceTree = "<group>";
		};
		00A4A79C213F55350091DE45 /* Products */ = {
			isa = PBXGroup;
			children = (
				00A4A79B213F55350091DE45 /* Flix.app */,
				00A4A7AF213F55390091DE45 /* FlixTests.xctest */,
				00A4A7BA213F55390091DE45 /* FlixUITests.xctest */,
			);
			name = Products;
			sourceTree = "<group>";
		};
		00A4A79D213F55350091DE45 /* Flix */ = {
			isa = PBXGroup;
			children = (
				00A4A79E213F55350091DE45 /* AppDelegate.swift */,
				00A4A7A0213F55350091DE45 /* ViewController.swift */,
				00A4A7A2213F55350091DE45 /* Main.storyboard */,
				00A4A7A5213F55380091DE45 /* Assets.xcassets */,
				00A4A7A7213F55380091DE45 /* LaunchScreen.storyboard */,
				00A4A7AA213F55380091DE45 /* Info.plist */,
			);
			path = Flix;
			sourceTree = "<group>";
		};
		00A4A7B2213F55390091DE45 /* FlixTests */ = {
			isa = PBXGroup;
			children = (
				00A4A7B3213F55390091DE45 /* FlixTests.swift */,
				00A4A7B5213F55390091DE45 /* Info.plist */,
			);
			path = FlixTests;
			sourceTree = "<group>";
		};
		00A4A7BD213F55390091DE45 /* FlixUITests */ = {
			isa = PBXGroup;
			children = (
				00A4A7BE213F55390091DE45 /* FlixUITests.swift */,
				00A4A7C0213F55390091DE45 /* Info.plist */,
			);
			path = FlixUITests;
			sourceTree = "<group>";
		};
/* End PBXGroup section */

/* Begin PBXNativeTarget section */
		00A4A79A213F55350091DE45 /* Flix */ = {
			isa = PBXNativeTarget;
			buildConfigurationList = 00A4A7C3213F55390091DE45 /* Build configuration list for PBXNativeTarget "Flix" */;
			buildPhases = (
				00A4A797213F55350091DE45 /* Sources */,
				00A4A798213F55350091DE45 /* Frameworks */,
				00A4A799213F55350091DE45 /* Resources */,
			);
			buildRules = (
			);
			dependencies = (
			);
			name = Flix;
			productName = Flix;
			productReference = 00A4A79B213F55350091DE45 /* Flix.app */;
			productType = "com.apple.product-type.application";
		};
		00A4A7AE213F55390091DE45 /* FlixTests */ = {
			isa = PBXNativeTarget;
			buildConfigurationList = 00A4A7C6213F55390091DE45 /* Build configuration list for PBXNativeTarget "FlixTests" */;
			buildPhases = (
				00A4A7AB213F55390091DE45 /* Sources */,
				00A4A7AC213F55390091DE45 /* Frameworks */,
				00A4A7AD213F55390091DE45 /* Resources */,
			);
			buildRules = (
			);
			dependencies = (
				00A4A7B1213F55390091DE45 /* PBXTargetDependency */,
			);
			name = FlixTests;
			productName = FlixTests;
			productReference = 00A4A7AF213F55390091DE45 /* FlixTests.xctest */;
			productType = "com.apple.product-type.bundle.unit-test";
		};
		00A4A7B9213F55390091DE45 /* FlixUITests */ = {
			isa = PBXNativeTarget;
			buildConfigurationList = 00A4A7C9213F55390091DE45 /* Build configuration list for PBXNativeTarget "FlixUITests" */;
			buildPhases = (
				00A4A7B6213F55390091DE45 /* Sources */,
				00A4A7B7213F55390091DE45 /* Frameworks */,
				00A4A7B8213F55390091DE45 /* Resources */,
			);
			buildRules = (
			);
			dependencies = (
				00A4A7BC213F55390091DE45 /* PBXTargetDependency */,
			);
			name = FlixUITests;
			productName = FlixUITests;
			productReference = 00A4A7BA213F55390091DE45 /* FlixUITests.xctest */;
			productType = "com.apple.product-type.bundle.ui-testing";
		};
/* End PBXNativeTarget section */

/* Begin PBXProject section */
		00A4A793213F55350091DE45 /* Project object */ = {
			isa = PBXProject;
			attributes = {
				LastSwiftUpdateCheck = 0940;
				LastUpgradeCheck = 0940;
				ORGANIZATIONNAME = "Asim Hirji";
				TargetAttributes = {
					00A4A79A213F55350091DE45 = {
						CreatedOnToolsVersion = 9.4.1;
					};
					00A4A7AE213F55390091DE45 = {
						CreatedOnToolsVersion = 9.4.1;
						TestTargetID = 00A4A79A213F55350091DE45;
					};
					00A4A7B9213F55390091DE45 = {
						CreatedOnToolsVersion = 9.4.1;
						TestTargetID = 00A4A79A213F55350091DE45;
					};
				};
			};
			buildConfigurationList = 00A4A796213F55350091DE45 /* Build configuration list for PBXProject "Flix" */;
			compatibilityVersion = "Xcode 9.3";
			developmentRegion = en;
			hasScannedForEncodings = 0;
			knownRegions = (
				en,
				Base,
			);
			mainGroup = 00A4A792213F55350091DE45;
			productRefGroup = 00A4A79C213F55350091DE45 /* Products */;
			projectDirPath = "";
			projectRoot = "";
			targets = (
				00A4A79A213F55350091DE45 /* Flix */,
				00A4A7AE213F55390091DE45 /* FlixTests */,
				00A4A7B9213F55390091DE45 /* FlixUITests */,
			);
		};
/* End PBXProject section */

/* Begin PBXResourcesBuildPhase section */
		00A4A799213F55350091DE45 /* Resources */ = {
			isa = PBXResourcesBuildPhase;
			buildActionMask = 2147483647;
			files = (
				00A4A7A9213F55380091DE45 /* LaunchScreen.storyboard in Resources */,
				00A4A7A6213F55380091DE45 /* Assets.xcassets in Resources */,
				00A4A7A4213F55350091DE45 /* Main.storyboard in Resources */,
			);
			runOnlyForDeploymentPostprocessing = 0;
		};
		00A4A7AD213F55390091DE45 /* Resources */ = {
			isa = PBXResourcesBuildPhase;
			buildActionMask = 2147483647;
			files = (
			);
			runOnlyForDeploymentPostprocessing = 0;
		};
		00A4A7B8213F55390091DE45 /* Resources */ = {
			isa = PBXResourcesBuildPhase;
			buildActionMask = 2147483647;
			files = (
			);
			runOnlyForDeploymentPostprocessing = 0;
		};
/* End PBXResourcesBuildPhase section */

/* Begin PBXSourcesBuildPhase section */
		00A4A797213F55350091DE45 /* Sources */ = {
			isa = PBXSourcesBuildPhase;
			buildActionMask = 2147483647;
			files = (
				00A4A7A1213F55350091DE45 /* ViewController.swift in Sources */,
				00A4A79F213F55350091DE45 /* AppDelegate.swift in Sources */,
			);
			runOnlyForDeploymentPostprocessing = 0;
		};
		00A4A7AB213F55390091DE45 /* Sources */ = {
			isa = PBXSourcesBuildPhase;
			buildActionMask = 2147483647;
			files = (
				00A4A7B4213F55390091DE45 /* FlixTests.swift in Sources */,
			);
			runOnlyForDeploymentPostprocessing = 0;
		};
		00A4A7B6213F55390091DE45 /* Sources */ = {
			isa = PBXSourcesBuildPhase;
			buildActionMask = 2147483647;
			files = (
				00A4A7BF213F55390091DE45 /* FlixUITests.swift in Sources */,
			);
			runOnlyForDeploymentPostprocessing = 0;
		};
/* End PBXSourcesBuildPhase section */

/* Begin PBXTargetDependency section */
		00A4A7B1213F55390091DE45 /* PBXTargetDependency */ = {
			isa = PBXTargetDependency;
			target = 00A4A79A213F55350091DE45 /* Flix */;
			targetProxy = 00A4A7B0213F55390091DE45 /* PBXContainerItemProxy */;
		};
		00A4A7BC213F55390091DE45 /* PBXTargetDependency */ = {
			isa = PBXTargetDependency;
			target = 00A4A79A213F55350091DE45 /* Flix */;
			targetProxy = 00A4A7BB213F55390091DE45 /* PBXContainerItemProxy */;
		};
/* End PBXTargetDependency section */

/* Begin PBXVariantGroup section */
		00A4A7A2213F55350091DE45 /* Main.storyboard */ = {
			isa = PBXVariantGroup;
			children = (
				00A4A7A3213F55350091DE45 /* Base */,
			);
			name = Main.storyboard;
			sourceTree = "<group>";
		};
		00A4A7A7213F55380091DE45 /* LaunchScreen.storyboard */ = {
			isa = PBXVariantGroup;
			children = (
				00A4A7A8213F55380091DE45 /* Base */,
			);
			name = LaunchScreen.storyboard;
			sourceTree = "<group>";
		};
/* End PBXVariantGroup section */

/* Begin XCBuildConfiguration section */
		00A4A7C1213F55390091DE45 /* Debug */ = {
			isa = XCBuildConfiguration;
			buildSettings = {
				ALWAYS_SEARCH_USER_PATHS = NO;
				CLANG_ANALYZER_NONNULL = YES;
				CLANG_ANALYZER_NUMBER_OBJECT_CONVERSION = YES_AGGRESSIVE;
				CLANG_CXX_LANGUAGE_STANDARD = "gnu++14";
				CLANG_CXX_LIBRARY = "libc++";
				CLANG_ENABLE_MODULES = YES;
				CLANG_ENABLE_OBJC_ARC = YES;
				CLANG_ENABLE_OBJC_WEAK = YES;
				CLANG_WARN_BLOCK_CAPTURE_AUTORELEASING = YES;
				CLANG_WARN_BOOL_CONVERSION = YES;
				CLANG_WARN_COMMA = YES;
				CLANG_WARN_CONSTANT_CONVERSION = YES;
				CLANG_WARN_DEPRECATED_OBJC_IMPLEMENTATIONS = YES;
				CLANG_WARN_DIRECT_OBJC_ISA_USAGE = YES_ERROR;
				CLANG_WARN_DOCUMENTATION_COMMENTS = YES;
				CLANG_WARN_EMPTY_BODY = YES;
				CLANG_WARN_ENUM_CONVERSION = YES;
				CLANG_WARN_INFINITE_RECURSION = YES;
				CLANG_WARN_INT_CONVERSION = YES;
				CLANG_WARN_NON_LITERAL_NULL_CONVERSION = YES;
				CLANG_WARN_OBJC_IMPLICIT_RETAIN_SELF = YES;
				CLANG_WARN_OBJC_LITERAL_CONVERSION = YES;
				CLANG_WARN_OBJC_ROOT_CLASS = YES_ERROR;
				CLANG_WARN_RANGE_LOOP_ANALYSIS = YES;
				CLANG_WARN_STRICT_PROTOTYPES = YES;
				CLANG_WARN_SUSPICIOUS_MOVE = YES;
				CLANG_WARN_UNGUARDED_AVAILABILITY = YES_AGGRESSIVE;
				CLANG_WARN_UNREACHABLE_CODE = YES;
				CLANG_WARN__DUPLICATE_METHOD_MATCH = YES;
				CODE_SIGN_IDENTITY = "iPhone Developer";
				COPY_PHASE_STRIP = NO;
				DEBUG_INFORMATION_FORMAT = dwarf;
				ENABLE_STRICT_OBJC_MSGSEND = YES;
				ENABLE_TESTABILITY = YES;
				GCC_C_LANGUAGE_STANDARD = gnu11;
				GCC_DYNAMIC_NO_PIC = NO;
				GCC_NO_COMMON_BLOCKS = YES;
				GCC_OPTIMIZATION_LEVEL = 0;
				GCC_PREPROCESSOR_DEFINITIONS = (
					"DEBUG=1",
					"$(inherited)",
				);
				GCC_WARN_64_TO_32_BIT_CONVERSION = YES;
				GCC_WARN_ABOUT_RETURN_TYPE = YES_ERROR;
				GCC_WARN_UNDECLARED_SELECTOR = YES;
				GCC_WARN_UNINITIALIZED_AUTOS = YES_AGGRESSIVE;
				GCC_WARN_UNUSED_FUNCTION = YES;
				GCC_WARN_UNUSED_VARIABLE = YES;
				IPHONEOS_DEPLOYMENT_TARGET = 11.4;
				MTL_ENABLE_DEBUG_INFO = YES;
				ONLY_ACTIVE_ARCH = YES;
				SDKROOT = iphoneos;
				SWIFT_ACTIVE_COMPILATION_CONDITIONS = DEBUG;
				SWIFT_OPTIMIZATION_LEVEL = "-Onone";
			};
			name = Debug;
		};
		00A4A7C2213F55390091DE45 /* Release */ = {
			isa = XCBuildConfiguration;
			buildSettings = {
				ALWAYS_SEARCH_USER_PATHS = NO;
				CLANG_ANALYZER_NONNULL = YES;
				CLANG_ANALYZER_NUMBER_OBJECT_CONVERSION = YES_AGGRESSIVE;
				CLANG_CXX_LANGUAGE_STANDARD = "gnu++14";
				CLANG_CXX_LIBRARY = "libc++";
				CLANG_ENABLE_MODULES = YES;
				CLANG_ENABLE_OBJC_ARC = YES;
				CLANG_ENABLE_OBJC_WEAK = YES;
				CLANG_WARN_BLOCK_CAPTURE_AUTORELEASING = YES;
				CLANG_WARN_BOOL_CONVERSION = YES;
				CLANG_WARN_COMMA = YES;
				CLANG_WARN_CONSTANT_CONVERSION = YES;
				CLANG_WARN_DEPRECATED_OBJC_IMPLEMENTATIONS = YES;
				CLANG_WARN_DIRECT_OBJC_ISA_USAGE = YES_ERROR;
				CLANG_WARN_DOCUMENTATION_COMMENTS = YES;
				CLANG_WARN_EMPTY_BODY = YES;
				CLANG_WARN_ENUM_CONVERSION = YES;
				CLANG_WARN_INFINITE_RECURSION = YES;
				CLANG_WARN_INT_CONVERSION = YES;
				CLANG_WARN_NON_LITERAL_NULL_CONVERSION = YES;
				CLANG_WARN_OBJC_IMPLICIT_RETAIN_SELF = YES;
				CLANG_WARN_OBJC_LITERAL_CONVERSION = YES;
				CLANG_WARN_OBJC_ROOT_CLASS = YES_ERROR;
				CLANG_WARN_RANGE_LOOP_ANALYSIS = YES;
				CLANG_WARN_STRICT_PROTOTYPES = YES;
				CLANG_WARN_SUSPICIOUS_MOVE = YES;
				CLANG_WARN_UNGUARDED_AVAILABILITY = YES_AGGRESSIVE;
				CLANG_WARN_UNREACHABLE_CODE = YES;
				CLANG_WARN__DUPLICATE_METHOD_MATCH = YES;
				CODE_SIGN_IDENTITY = "iPhone Developer";
				COPY_PHASE_STRIP = NO;
				DEBUG_INFORMATION_FORMAT = "dwarf-with-dsym";
				ENABLE_NS_ASSERTIONS = NO;
				ENABLE_STRICT_OBJC_MSGSEND = YES;
				GCC_C_LANGUAGE_STANDARD = gnu11;
				GCC_NO_COMMON_BLOCKS = YES;
				GCC_WARN_64_TO_32_BIT_CONVERSION = YES;
				GCC_WARN_ABOUT_RETURN_TYPE = YES_ERROR;
				GCC_WARN_UNDECLARED_SELECTOR = YES;
				GCC_WARN_UNINITIALIZED_AUTOS = YES_AGGRESSIVE;
				GCC_WARN_UNUSED_FUNCTION = YES;
				GCC_WARN_UNUSED_VARIABLE = YES;
				IPHONEOS_DEPLOYMENT_TARGET = 11.4;
				MTL_ENABLE_DEBUG_INFO = NO;
				SDKROOT = iphoneos;
				SWIFT_COMPILATION_MODE = wholemodule;
				SWIFT_OPTIMIZATION_LEVEL = "-O";
				VALIDATE_PRODUCT = YES;
			};
			name = Release;
		};
		00A4A7C4213F55390091DE45 /* Debug */ = {
			isa = XCBuildConfiguration;
			buildSettings = {
				ASSETCATALOG_COMPILER_APPICON_NAME = AppIcon;
				CODE_SIGN_STYLE = Automatic;
				DEVELOPMENT_TEAM = ND5JPN67C2;
				INFOPLIST_FILE = Flix/Info.plist;
				LD_RUNPATH_SEARCH_PATHS = (
					"$(inherited)",
					"@executable_path/Frameworks",
				);
				PRODUCT_BUNDLE_IDENTIFIER = com.AsimHirji.Flix;
				PRODUCT_NAME = "$(TARGET_NAME)";
				SWIFT_VERSION = 4.0;
				TARGETED_DEVICE_FAMILY = "1,2";
			};
			name = Debug;
		};
		00A4A7C5213F55390091DE45 /* Release */ = {
			isa = XCBuildConfiguration;
			buildSettings = {
				ASSETCATALOG_COMPILER_APPICON_NAME = AppIcon;
				CODE_SIGN_STYLE = Automatic;
				DEVELOPMENT_TEAM = ND5JPN67C2;
				INFOPLIST_FILE = Flix/Info.plist;
				LD_RUNPATH_SEARCH_PATHS = (
					"$(inherited)",
					"@executable_path/Frameworks",
				);
				PRODUCT_BUNDLE_IDENTIFIER = com.AsimHirji.Flix;
				PRODUCT_NAME = "$(TARGET_NAME)";
				SWIFT_VERSION = 4.0;
				TARGETED_DEVICE_FAMILY = "1,2";
			};
			name = Release;
		};
		00A4A7C7213F55390091DE45 /* Debug */ = {
			isa = XCBuildConfiguration;
			buildSettings = {
				ALWAYS_EMBED_SWIFT_STANDARD_LIBRARIES = YES;
				BUNDLE_LOADER = "$(TEST_HOST)";
				CODE_SIGN_STYLE = Automatic;
				DEVELOPMENT_TEAM = ND5JPN67C2;
				INFOPLIST_FILE = FlixTests/Info.plist;
				LD_RUNPATH_SEARCH_PATHS = (
					"$(inherited)",
					"@executable_path/Frameworks",
					"@loader_path/Frameworks",
				);
				PRODUCT_BUNDLE_IDENTIFIER = com.AsimHirji.FlixTests;
				PRODUCT_NAME = "$(TARGET_NAME)";
				SWIFT_VERSION = 4.0;
				TARGETED_DEVICE_FAMILY = "1,2";
				TEST_HOST = "$(BUILT_PRODUCTS_DIR)/Flix.app/Flix";
			};
			name = Debug;
		};
		00A4A7C8213F55390091DE45 /* Release */ = {
			isa = XCBuildConfiguration;
			buildSettings = {
				ALWAYS_EMBED_SWIFT_STANDARD_LIBRARIES = YES;
				BUNDLE_LOADER = "$(TEST_HOST)";
				CODE_SIGN_STYLE = Automatic;
				DEVELOPMENT_TEAM = ND5JPN67C2;
				INFOPLIST_FILE = FlixTests/Info.plist;
				LD_RUNPATH_SEARCH_PATHS = (
					"$(inherited)",
					"@executable_path/Frameworks",
					"@loader_path/Frameworks",
				);
				PRODUCT_BUNDLE_IDENTIFIER = com.AsimHirji.FlixTests;
				PRODUCT_NAME = "$(TARGET_NAME)";
				SWIFT_VERSION = 4.0;
				TARGETED_DEVICE_FAMILY = "1,2";
				TEST_HOST = "$(BUILT_PRODUCTS_DIR)/Flix.app/Flix";
			};
			name = Release;
		};
		00A4A7CA213F55390091DE45 /* Debug */ = {
			isa = XCBuildConfiguration;
			buildSettings = {
				ALWAYS_EMBED_SWIFT_STANDARD_LIBRARIES = YES;
				CODE_SIGN_STYLE = Automatic;
				DEVELOPMENT_TEAM = ND5JPN67C2;
				INFOPLIST_FILE = FlixUITests/Info.plist;
				LD_RUNPATH_SEARCH_PATHS = (
					"$(inherited)",
					"@executable_path/Frameworks",
					"@loader_path/Frameworks",
				);
				PRODUCT_BUNDLE_IDENTIFIER = com.AsimHirji.FlixUITests;
				PRODUCT_NAME = "$(TARGET_NAME)";
				SWIFT_VERSION = 4.0;
				TARGETED_DEVICE_FAMILY = "1,2";
				TEST_TARGET_NAME = Flix;
			};
			name = Debug;
		};
		00A4A7CB213F55390091DE45 /* Release */ = {
			isa = XCBuildConfiguration;
			buildSettings = {
				ALWAYS_EMBED_SWIFT_STANDARD_LIBRARIES = YES;
				CODE_SIGN_STYLE = Automatic;
				DEVELOPMENT_TEAM = ND5JPN67C2;
				INFOPLIST_FILE = FlixUITests/Info.plist;
				LD_RUNPATH_SEARCH_PATHS = (
					"$(inherited)",
					"@executable_path/Frameworks",
					"@loader_path/Frameworks",
				);
				PRODUCT_BUNDLE_IDENTIFIER = com.AsimHirji.FlixUITests;
				PRODUCT_NAME = "$(TARGET_NAME)";
				SWIFT_VERSION = 4.0;
				TARGETED_DEVICE_FAMILY = "1,2";
				TEST_TARGET_NAME = Flix;
			};
			name = Release;
		};
/* End XCBuildConfiguration section */

/* Begin XCConfigurationList section */
		00A4A796213F55350091DE45 /* Build configuration list for PBXProject "Flix" */ = {
			isa = XCConfigurationList;
			buildConfigurations = (
				00A4A7C1213F55390091DE45 /* Debug */,
				00A4A7C2213F55390091DE45 /* Release */,
			);
			defaultConfigurationIsVisible = 0;
			defaultConfigurationName = Release;
		};
		00A4A7C3213F55390091DE45 /* Build configuration list for PBXNativeTarget "Flix" */ = {
			isa = XCConfigurationList;
			buildConfigurations = (
				00A4A7C4213F55390091DE45 /* Debug */,
				00A4A7C5213F55390091DE45 /* Release */,
			);
			defaultConfigurationIsVisible = 0;
			defaultConfigurationName = Release;
		};
		00A4A7C6213F55390091DE45 /* Build configuration list for PBXNativeTarget "FlixTests" */ = {
			isa = XCConfigurationList;
			buildConfigurations = (
				00A4A7C7213F55390091DE45 /* Debug */,
				00A4A7C8213F55390091DE45 /* Release */,
			);
			defaultConfigurationIsVisible = 0;
			defaultConfigurationName = Release;
		};
		00A4A7C9213F55390091DE45 /* Build configuration list for PBXNativeTarget "FlixUITests" */ = {
			isa = XCConfigurationList;
			buildConfigurations = (
				00A4A7CA213F55390091DE45 /* Debug */,
				00A4A7CB213F55390091DE45 /* Release */,
			);
			defaultConfigurationIsVisible = 0;
			defaultConfigurationName = Release;
		};
/* End XCConfigurationList section */
	};
	rootObject = 00A4A793213F55350091DE45 /* Project object */;
}
